
Microsoft Visual Studio Solution File, Format Version 11.00
# Visual Studio 2010
Project("{FAE04EC0-301F-11D3-BF4B-00C04F79EFBC}") = "Gate", "src\Gate\Gate.csproj", "{BE3CCA19-0795-4477-A4D4-ABF45474ACBF}"
EndProject
Project("{FAE04EC0-301F-11D3-BF4B-00C04F79EFBC}") = "Gate.Tests", "src\Tests\Gate.Tests\Gate.Tests.csproj", "{1BB1CEC7-EAAB-4B25-900B-4981DA873320}"
EndProject
Project("{FAE04EC0-301F-11D3-BF4B-00C04F79EFBC}") = "Gate.Helpers", "src\Gate.Helpers\Gate.Helpers.csproj", "{85392B05-6564-472B-9A7B-58AFB721F2AE}"
EndProject
Project("{FAE04EC0-301F-11D3-BF4B-00C04F79EFBC}") = "Gate.Helpers.Tests", "src\Tests\Gate.Helpers.Tests\Gate.Helpers.Tests.csproj", "{CF3647E1-E3CD-472D-96E2-7B44497D52D8}"
EndProject
Project("{2150E333-8FDC-42A3-9474-1A3956D46DE8}") = "Tests", "Tests", "{04624DF3-D446-482F-9EE7-44CB5E64B194}"
EndProject
Project("{2150E333-8FDC-42A3-9474-1A3956D46DE8}") = "Hosts", "Hosts", "{26168DEC-6A14-498B-89F4-34881B625D60}"
EndProject
Project("{FAE04EC0-301F-11D3-BF4B-00C04F79EFBC}") = "Gate.AspNet", "src\Hosts\Gate.AspNet\Gate.AspNet.csproj", "{F32E456A-F26E-4C5D-93B8-311941A714E4}"
EndProject
Project("{2150E333-8FDC-42A3-9474-1A3956D46DE8}") = "Samples", "Samples", "{C84C3CDC-FC22-4AF2-8759-4B407BF5AD56}"
	ProjectSection(SolutionItems) = preProject
		src\Hosts\Gate.Wcf\GateWcfService.cs = src\Hosts\Gate.Wcf\GateWcfService.cs
	EndProjectSection
EndProject
Project("{FAE04EC0-301F-11D3-BF4B-00C04F79EFBC}") = "Sample.AspNet", "src\Samples\Sample.AspNet\Sample.AspNet.csproj", "{0D16BD06-1972-4714-9D79-7E84F82748F4}"
EndProject
Project("{FAE04EC0-301F-11D3-BF4B-00C04F79EFBC}") = "Gate.TestHelpers", "src\Tests\Gate.TestHelpers\Gate.TestHelpers.csproj", "{E4256EDF-0B54-4715-8E66-8D4D4887E15F}"
EndProject
Project("{FAE04EC0-301F-11D3-BF4B-00C04F79EFBC}") = "Gate.Wcf", "src\Hosts\Gate.Wcf\Gate.Wcf.csproj", "{E7602355-82C2-4698-AB61-128B8A6E53CE}"
EndProject
Project("{FAE04EC0-301F-11D3-BF4B-00C04F79EFBC}") = "Sample.Wcf", "src\Samples\Sample.Wcf\Sample.Wcf.csproj", "{25EC3795-B2D8-4588-8139-8BD428269DB1}"
EndProject
Global
	GlobalSection(SolutionConfigurationPlatforms) = preSolution
		Debug|Any CPU = Debug|Any CPU
		Debug|Mixed Platforms = Debug|Mixed Platforms
		Debug|x86 = Debug|x86
		Release|Any CPU = Release|Any CPU
		Release|Mixed Platforms = Release|Mixed Platforms
		Release|x86 = Release|x86
	EndGlobalSection
	GlobalSection(ProjectConfigurationPlatforms) = postSolution
		{BE3CCA19-0795-4477-A4D4-ABF45474ACBF}.Debug|Any CPU.ActiveCfg = Debug|Any CPU
		{BE3CCA19-0795-4477-A4D4-ABF45474ACBF}.Debug|Any CPU.Build.0 = Debug|Any CPU
		{BE3CCA19-0795-4477-A4D4-ABF45474ACBF}.Debug|Mixed Platforms.ActiveCfg = Debug|Any CPU
		{BE3CCA19-0795-4477-A4D4-ABF45474ACBF}.Debug|Mixed Platforms.Build.0 = Debug|Any CPU
		{BE3CCA19-0795-4477-A4D4-ABF45474ACBF}.Debug|x86.ActiveCfg = Debug|Any CPU
		{BE3CCA19-0795-4477-A4D4-ABF45474ACBF}.Release|Any CPU.ActiveCfg = Release|Any CPU
		{BE3CCA19-0795-4477-A4D4-ABF45474ACBF}.Release|Any CPU.Build.0 = Release|Any CPU
		{BE3CCA19-0795-4477-A4D4-ABF45474ACBF}.Release|Mixed Platforms.ActiveCfg = Release|Any CPU
		{BE3CCA19-0795-4477-A4D4-ABF45474ACBF}.Release|Mixed Platforms.Build.0 = Release|Any CPU
		{BE3CCA19-0795-4477-A4D4-ABF45474ACBF}.Release|x86.ActiveCfg = Release|Any CPU
		{1BB1CEC7-EAAB-4B25-900B-4981DA873320}.Debug|Any CPU.ActiveCfg = Debug|Any CPU
		{1BB1CEC7-EAAB-4B25-900B-4981DA873320}.Debug|Any CPU.Build.0 = Debug|Any CPU
		{1BB1CEC7-EAAB-4B25-900B-4981DA873320}.Debug|Mixed Platforms.ActiveCfg = Debug|Any CPU
		{1BB1CEC7-EAAB-4B25-900B-4981DA873320}.Debug|Mixed Platforms.Build.0 = Debug|Any CPU
		{1BB1CEC7-EAAB-4B25-900B-4981DA873320}.Debug|x86.ActiveCfg = Debug|Any CPU
		{1BB1CEC7-EAAB-4B25-900B-4981DA873320}.Release|Any CPU.ActiveCfg = Release|Any CPU
		{1BB1CEC7-EAAB-4B25-900B-4981DA873320}.Release|Any CPU.Build.0 = Release|Any CPU
		{1BB1CEC7-EAAB-4B25-900B-4981DA873320}.Release|Mixed Platforms.ActiveCfg = Release|Any CPU
		{1BB1CEC7-EAAB-4B25-900B-4981DA873320}.Release|Mixed Platforms.Build.0 = Release|Any CPU
		{1BB1CEC7-EAAB-4B25-900B-4981DA873320}.Release|x86.ActiveCfg = Release|Any CPU
		{85392B05-6564-472B-9A7B-58AFB721F2AE}.Debug|Any CPU.ActiveCfg = Debug|Any CPU
		{85392B05-6564-472B-9A7B-58AFB721F2AE}.Debug|Any CPU.Build.0 = Debug|Any CPU
		{85392B05-6564-472B-9A7B-58AFB721F2AE}.Debug|Mixed Platforms.ActiveCfg = Debug|Any CPU
		{85392B05-6564-472B-9A7B-58AFB721F2AE}.Debug|Mixed Platforms.Build.0 = Debug|Any CPU
		{85392B05-6564-472B-9A7B-58AFB721F2AE}.Debug|x86.ActiveCfg = Debug|Any CPU
		{85392B05-6564-472B-9A7B-58AFB721F2AE}.Release|Any CPU.ActiveCfg = Release|Any CPU
		{85392B05-6564-472B-9A7B-58AFB721F2AE}.Release|Any CPU.Build.0 = Release|Any CPU
		{85392B05-6564-472B-9A7B-58AFB721F2AE}.Release|Mixed Platforms.ActiveCfg = Release|Any CPU
		{85392B05-6564-472B-9A7B-58AFB721F2AE}.Release|Mixed Platforms.Build.0 = Release|Any CPU
		{85392B05-6564-472B-9A7B-58AFB721F2AE}.Release|x86.ActiveCfg = Release|Any CPU
		{CF3647E1-E3CD-472D-96E2-7B44497D52D8}.Debug|Any CPU.ActiveCfg = Debug|Any CPU
		{CF3647E1-E3CD-472D-96E2-7B44497D52D8}.Debug|Any CPU.Build.0 = Debug|Any CPU
		{CF3647E1-E3CD-472D-96E2-7B44497D52D8}.Debug|Mixed Platforms.ActiveCfg = Debug|Any CPU
		{CF3647E1-E3CD-472D-96E2-7B44497D52D8}.Debug|Mixed Platforms.Build.0 = Debug|Any CPU
		{CF3647E1-E3CD-472D-96E2-7B44497D52D8}.Debug|x86.ActiveCfg = Debug|Any CPU
		{CF3647E1-E3CD-472D-96E2-7B44497D52D8}.Release|Any CPU.ActiveCfg = Release|Any CPU
		{CF3647E1-E3CD-472D-96E2-7B44497D52D8}.Release|Any CPU.Build.0 = Release|Any CPU
		{CF3647E1-E3CD-472D-96E2-7B44497D52D8}.Release|Mixed Platforms.ActiveCfg = Release|Any CPU
		{CF3647E1-E3CD-472D-96E2-7B44497D52D8}.Release|Mixed Platforms.Build.0 = Release|Any CPU
		{CF3647E1-E3CD-472D-96E2-7B44497D52D8}.Release|x86.ActiveCfg = Release|Any CPU
		{F32E456A-F26E-4C5D-93B8-311941A714E4}.Debug|Any CPU.ActiveCfg = Debug|Any CPU
		{F32E456A-F26E-4C5D-93B8-311941A714E4}.Debug|Any CPU.Build.0 = Debug|Any CPU
		{F32E456A-F26E-4C5D-93B8-311941A714E4}.Debug|Mixed Platforms.ActiveCfg = Debug|Any CPU
		{F32E456A-F26E-4C5D-93B8-311941A714E4}.Debug|Mixed Platforms.Build.0 = Debug|Any CPU
		{F32E456A-F26E-4C5D-93B8-311941A714E4}.Debug|x86.ActiveCfg = Debug|Any CPU
		{F32E456A-F26E-4C5D-93B8-311941A714E4}.Release|Any CPU.ActiveCfg = Release|Any CPU
		{F32E456A-F26E-4C5D-93B8-311941A714E4}.Release|Any CPU.Build.0 = Release|Any CPU
		{F32E456A-F26E-4C5D-93B8-311941A714E4}.Release|Mixed Platforms.ActiveCfg = Release|Any CPU
		{F32E456A-F26E-4C5D-93B8-311941A714E4}.Release|Mixed Platforms.Build.0 = Release|Any CPU
		{F32E456A-F26E-4C5D-93B8-311941A714E4}.Release|x86.ActiveCfg = Release|Any CPU
		{0D16BD06-1972-4714-9D79-7E84F82748F4}.Debug|Any CPU.ActiveCfg = Debug|Any CPU
		{0D16BD06-1972-4714-9D79-7E84F82748F4}.Debug|Any CPU.Build.0 = Debug|Any CPU
		{0D16BD06-1972-4714-9D79-7E84F82748F4}.Debug|Mixed Platforms.ActiveCfg = Debug|Any CPU
		{0D16BD06-1972-4714-9D79-7E84F82748F4}.Debug|Mixed Platforms.Build.0 = Debug|Any CPU
		{0D16BD06-1972-4714-9D79-7E84F82748F4}.Debug|x86.ActiveCfg = Debug|Any CPU
		{0D16BD06-1972-4714-9D79-7E84F82748F4}.Release|Any CPU.ActiveCfg = Release|Any CPU
		{0D16BD06-1972-4714-9D79-7E84F82748F4}.Release|Any CPU.Build.0 = Release|Any CPU
		{0D16BD06-1972-4714-9D79-7E84F82748F4}.Release|Mixed Platforms.ActiveCfg = Release|Any CPU
		{0D16BD06-1972-4714-9D79-7E84F82748F4}.Release|Mixed Platforms.Build.0 = Release|Any CPU
		{0D16BD06-1972-4714-9D79-7E84F82748F4}.Release|x86.ActiveCfg = Release|Any CPU
		{E4256EDF-0B54-4715-8E66-8D4D4887E15F}.Debug|Any CPU.ActiveCfg = Debug|Any CPU
		{E4256EDF-0B54-4715-8E66-8D4D4887E15F}.Debug|Any CPU.Build.0 = Debug|Any CPU
		{E4256EDF-0B54-4715-8E66-8D4D4887E15F}.Debug|Mixed Platforms.ActiveCfg = Debug|Any CPU
		{E4256EDF-0B54-4715-8E66-8D4D4887E15F}.Debug|Mixed Platforms.Build.0 = Debug|Any CPU
		{E4256EDF-0B54-4715-8E66-8D4D4887E15F}.Debug|x86.ActiveCfg = Debug|Any CPU
		{E4256EDF-0B54-4715-8E66-8D4D4887E15F}.Release|Any CPU.ActiveCfg = Release|Any CPU
		{E4256EDF-0B54-4715-8E66-8D4D4887E15F}.Release|Any CPU.Build.0 = Release|Any CPU
		{E4256EDF-0B54-4715-8E66-8D4D4887E15F}.Release|Mixed Platforms.ActiveCfg = Release|Any CPU
		{E4256EDF-0B54-4715-8E66-8D4D4887E15F}.Release|Mixed Platforms.Build.0 = Release|Any CPU
		{E4256EDF-0B54-4715-8E66-8D4D4887E15F}.Release|x86.ActiveCfg = Release|Any CPU
		{E7602355-82C2-4698-AB61-128B8A6E53CE}.Debug|Any CPU.ActiveCfg = Debug|Any CPU
		{E7602355-82C2-4698-AB61-128B8A6E53CE}.Debug|Any CPU.Build.0 = Debug|Any CPU
		{E7602355-82C2-4698-AB61-128B8A6E53CE}.Debug|Mixed Platforms.ActiveCfg = Debug|Any CPU
		{E7602355-82C2-4698-AB61-128B8A6E53CE}.Debug|Mixed Platforms.Build.0 = Debug|Any CPU
		{E7602355-82C2-4698-AB61-128B8A6E53CE}.Debug|x86.ActiveCfg = Debug|Any CPU
		{E7602355-82C2-4698-AB61-128B8A6E53CE}.Release|Any CPU.ActiveCfg = Release|Any CPU
		{E7602355-82C2-4698-AB61-128B8A6E53CE}.Release|Any CPU.Build.0 = Release|Any CPU
		{E7602355-82C2-4698-AB61-128B8A6E53CE}.Release|Mixed Platforms.ActiveCfg = Release|Any CPU
		{E7602355-82C2-4698-AB61-128B8A6E53CE}.Release|Mixed Platforms.Build.0 = Release|Any CPU
		{E7602355-82C2-4698-AB61-128B8A6E53CE}.Release|x86.ActiveCfg = Release|Any CPU
		{25EC3795-B2D8-4588-8139-8BD428269DB1}.Debug|Any CPU.ActiveCfg = Debug|x86
		{25EC3795-B2D8-4588-8139-8BD428269DB1}.Debug|Mixed Platforms.ActiveCfg = Debug|x86
		{25EC3795-B2D8-4588-8139-8BD428269DB1}.Debug|Mixed Platforms.Build.0 = Debug|x86
		{25EC3795-B2D8-4588-8139-8BD428269DB1}.Debug|x86.ActiveCfg = Debug|x86
		{25EC3795-B2D8-4588-8139-8BD428269DB1}.Debug|x86.Build.0 = Debug|x86
		{25EC3795-B2D8-4588-8139-8BD428269DB1}.Release|Any CPU.ActiveCfg = Release|x86
		{25EC3795-B2D8-4588-8139-8BD428269DB1}.Release|Mixed Platforms.ActiveCfg = Release|x86
		{25EC3795-B2D8-4588-8139-8BD428269DB1}.Release|Mixed Platforms.Build.0 = Release|x86
		{25EC3795-B2D8-4588-8139-8BD428269DB1}.Release|x86.ActiveCfg = Release|x86
		{25EC3795-B2D8-4588-8139-8BD428269DB1}.Release|x86.Build.0 = Release|x86
	EndGlobalSection
	GlobalSection(SolutionProperties) = preSolution
		HideSolutionNode = FALSE
	EndGlobalSection
	GlobalSection(NestedProjects) = preSolution
		{CF3647E1-E3CD-472D-96E2-7B44497D52D8} = {04624DF3-D446-482F-9EE7-44CB5E64B194}
		{1BB1CEC7-EAAB-4B25-900B-4981DA873320} = {04624DF3-D446-482F-9EE7-44CB5E64B194}
		{E4256EDF-0B54-4715-8E66-8D4D4887E15F} = {04624DF3-D446-482F-9EE7-44CB5E64B194}
		{F32E456A-F26E-4C5D-93B8-311941A714E4} = {26168DEC-6A14-498B-89F4-34881B625D60}
		{E7602355-82C2-4698-AB61-128B8A6E53CE} = {26168DEC-6A14-498B-89F4-34881B625D60}
		{0D16BD06-1972-4714-9D79-7E84F82748F4} = {C84C3CDC-FC22-4AF2-8759-4B407BF5AD56}
		{25EC3795-B2D8-4588-8139-8BD428269DB1} = {C84C3CDC-FC22-4AF2-8759-4B407BF5AD56}
	EndGlobalSection
EndGlobal
