
Microsoft Visual Studio Solution File, Format Version 11.00
# Visual Studio 2010
Project("{FAE04EC0-301F-11D3-BF4B-00C04F79EFBC}") = "Gate.Builder", "src\Main\Gate.Builder\Gate.Builder.csproj", "{D26293A2-8533-4BF6-A9CC-A88455B0FF71}"
EndProject
Project("{2150E333-8FDC-42A3-9474-1A3956D46DE8}") = ".Welcome", ".Welcome", "{FF0F8984-BBC9-4A7D-88FF-BDC997AC3245}"
	ProjectSection(SolutionItems) = preProject
		LICENSE.txt = LICENSE.txt
		NOTICE.txt = NOTICE.txt
		README.md = README.md
	EndProjectSection
EndProject
Project("{2150E333-8FDC-42A3-9474-1A3956D46DE8}") = "Build", "Build", "{4E00A931-5068-4DFC-9320-3C5F8AD8E2BE}"
	ProjectSection(SolutionItems) = preProject
		build = build
		build.cmd = build.cmd
		src\CommonAssemblyInfo.cs = src\CommonAssemblyInfo.cs
		Sakefile.shade = Sakefile.shade
	EndProjectSection
EndProject
Project("{2150E333-8FDC-42A3-9474-1A3956D46DE8}") = "Tests", "Tests", "{CE750082-5900-4A1E-8251-CC9A7B3E5F99}"
EndProject
Project("{FAE04EC0-301F-11D3-BF4B-00C04F79EFBC}") = "Gate.Builder.Tests", "src\Tests\Gate.Builder.Tests\Gate.Builder.Tests.csproj", "{A7D7E899-051C-4F6E-AFBD-DA0096B257F9}"
EndProject
Project("{FAE04EC0-301F-11D3-BF4B-00C04F79EFBC}") = "Gate.TestHelpers", "src\Tests\Gate.TestHelpers\Gate.TestHelpers.csproj", "{E4256EDF-0B54-4715-8E66-8D4D4887E15F}"
EndProject
Project("{FAE04EC0-301F-11D3-BF4B-00C04F79EFBC}") = "Gate", "src\Main\Gate\Gate.csproj", "{BE3CCA19-0795-4477-A4D4-ABF45474ACBF}"
EndProject
Project("{FAE04EC0-301F-11D3-BF4B-00C04F79EFBC}") = "Gate.Middleware", "src\Main\Gate.Middleware\Gate.Middleware.csproj", "{60C36D8F-BE53-4733-BD92-CFA103D46020}"
EndProject
Project("{2150E333-8FDC-42A3-9474-1A3956D46DE8}") = "Adapters", "Adapters", "{5939A9E6-95A6-4E68-A843-CA5955CA58B9}"
EndProject
Project("{FAE04EC0-301F-11D3-BF4B-00C04F79EFBC}") = "Gate.Adapters.Nancy", "src\Adapters\Gate.Adapters.Nancy\Gate.Adapters.Nancy.csproj", "{4C561FAE-24FD-470A-8E38-C725980DEE01}"
EndProject
Global
	GlobalSection(SolutionConfigurationPlatforms) = preSolution
		Debug|Any CPU = Debug|Any CPU
		Debug|Mixed Platforms = Debug|Mixed Platforms
		Debug|x86 = Debug|x86
		Release|Any CPU = Release|Any CPU
		Release|Mixed Platforms = Release|Mixed Platforms
		Release|x86 = Release|x86
	EndGlobalSection
	GlobalSection(ProjectConfigurationPlatforms) = postSolution
		{D26293A2-8533-4BF6-A9CC-A88455B0FF71}.Debug|Any CPU.ActiveCfg = Debug|Any CPU
		{D26293A2-8533-4BF6-A9CC-A88455B0FF71}.Debug|Any CPU.Build.0 = Debug|Any CPU
		{D26293A2-8533-4BF6-A9CC-A88455B0FF71}.Debug|Mixed Platforms.ActiveCfg = Debug|Any CPU
		{D26293A2-8533-4BF6-A9CC-A88455B0FF71}.Debug|Mixed Platforms.Build.0 = Debug|Any CPU
		{D26293A2-8533-4BF6-A9CC-A88455B0FF71}.Debug|x86.ActiveCfg = Debug|Any CPU
		{D26293A2-8533-4BF6-A9CC-A88455B0FF71}.Release|Any CPU.ActiveCfg = Release|Any CPU
		{D26293A2-8533-4BF6-A9CC-A88455B0FF71}.Release|Any CPU.Build.0 = Release|Any CPU
		{D26293A2-8533-4BF6-A9CC-A88455B0FF71}.Release|Mixed Platforms.ActiveCfg = Release|Any CPU
		{D26293A2-8533-4BF6-A9CC-A88455B0FF71}.Release|Mixed Platforms.Build.0 = Release|Any CPU
		{D26293A2-8533-4BF6-A9CC-A88455B0FF71}.Release|x86.ActiveCfg = Release|Any CPU
		{A7D7E899-051C-4F6E-AFBD-DA0096B257F9}.Debug|Any CPU.ActiveCfg = Debug|Any CPU
		{A7D7E899-051C-4F6E-AFBD-DA0096B257F9}.Debug|Any CPU.Build.0 = Debug|Any CPU
		{A7D7E899-051C-4F6E-AFBD-DA0096B257F9}.Debug|Mixed Platforms.ActiveCfg = Debug|Any CPU
		{A7D7E899-051C-4F6E-AFBD-DA0096B257F9}.Debug|Mixed Platforms.Build.0 = Debug|Any CPU
		{A7D7E899-051C-4F6E-AFBD-DA0096B257F9}.Debug|x86.ActiveCfg = Debug|Any CPU
		{A7D7E899-051C-4F6E-AFBD-DA0096B257F9}.Release|Any CPU.ActiveCfg = Release|Any CPU
		{A7D7E899-051C-4F6E-AFBD-DA0096B257F9}.Release|Any CPU.Build.0 = Release|Any CPU
		{A7D7E899-051C-4F6E-AFBD-DA0096B257F9}.Release|Mixed Platforms.ActiveCfg = Release|Any CPU
		{A7D7E899-051C-4F6E-AFBD-DA0096B257F9}.Release|Mixed Platforms.Build.0 = Release|Any CPU
		{A7D7E899-051C-4F6E-AFBD-DA0096B257F9}.Release|x86.ActiveCfg = Release|Any CPU
		{E4256EDF-0B54-4715-8E66-8D4D4887E15F}.Debug|Any CPU.ActiveCfg = Debug|Any CPU
		{E4256EDF-0B54-4715-8E66-8D4D4887E15F}.Debug|Any CPU.Build.0 = Debug|Any CPU
		{E4256EDF-0B54-4715-8E66-8D4D4887E15F}.Debug|Mixed Platforms.ActiveCfg = Debug|Any CPU
		{E4256EDF-0B54-4715-8E66-8D4D4887E15F}.Debug|Mixed Platforms.Build.0 = Debug|Any CPU
		{E4256EDF-0B54-4715-8E66-8D4D4887E15F}.Debug|x86.ActiveCfg = Debug|Any CPU
		{E4256EDF-0B54-4715-8E66-8D4D4887E15F}.Release|Any CPU.ActiveCfg = Release|Any CPU
		{E4256EDF-0B54-4715-8E66-8D4D4887E15F}.Release|Any CPU.Build.0 = Release|Any CPU
		{E4256EDF-0B54-4715-8E66-8D4D4887E15F}.Release|Mixed Platforms.ActiveCfg = Release|Any CPU
		{E4256EDF-0B54-4715-8E66-8D4D4887E15F}.Release|Mixed Platforms.Build.0 = Release|Any CPU
		{E4256EDF-0B54-4715-8E66-8D4D4887E15F}.Release|x86.ActiveCfg = Release|Any CPU
		{BE3CCA19-0795-4477-A4D4-ABF45474ACBF}.Debug|Any CPU.ActiveCfg = Debug|Any CPU
		{BE3CCA19-0795-4477-A4D4-ABF45474ACBF}.Debug|Any CPU.Build.0 = Debug|Any CPU
		{BE3CCA19-0795-4477-A4D4-ABF45474ACBF}.Debug|Mixed Platforms.ActiveCfg = Debug|Any CPU
		{BE3CCA19-0795-4477-A4D4-ABF45474ACBF}.Debug|Mixed Platforms.Build.0 = Debug|Any CPU
		{BE3CCA19-0795-4477-A4D4-ABF45474ACBF}.Debug|x86.ActiveCfg = Debug|Any CPU
		{BE3CCA19-0795-4477-A4D4-ABF45474ACBF}.Release|Any CPU.ActiveCfg = Release|Any CPU
		{BE3CCA19-0795-4477-A4D4-ABF45474ACBF}.Release|Any CPU.Build.0 = Release|Any CPU
		{BE3CCA19-0795-4477-A4D4-ABF45474ACBF}.Release|Mixed Platforms.ActiveCfg = Release|Any CPU
		{BE3CCA19-0795-4477-A4D4-ABF45474ACBF}.Release|Mixed Platforms.Build.0 = Release|Any CPU
		{BE3CCA19-0795-4477-A4D4-ABF45474ACBF}.Release|x86.ActiveCfg = Release|Any CPU
		{60C36D8F-BE53-4733-BD92-CFA103D46020}.Debug|Any CPU.ActiveCfg = Debug|Any CPU
		{60C36D8F-BE53-4733-BD92-CFA103D46020}.Debug|Any CPU.Build.0 = Debug|Any CPU
		{60C36D8F-BE53-4733-BD92-CFA103D46020}.Debug|Mixed Platforms.ActiveCfg = Debug|Any CPU
		{60C36D8F-BE53-4733-BD92-CFA103D46020}.Debug|Mixed Platforms.Build.0 = Debug|Any CPU
		{60C36D8F-BE53-4733-BD92-CFA103D46020}.Debug|x86.ActiveCfg = Debug|Any CPU
		{60C36D8F-BE53-4733-BD92-CFA103D46020}.Release|Any CPU.ActiveCfg = Release|Any CPU
		{60C36D8F-BE53-4733-BD92-CFA103D46020}.Release|Any CPU.Build.0 = Release|Any CPU
		{60C36D8F-BE53-4733-BD92-CFA103D46020}.Release|Mixed Platforms.ActiveCfg = Release|Any CPU
		{60C36D8F-BE53-4733-BD92-CFA103D46020}.Release|Mixed Platforms.Build.0 = Release|Any CPU
		{60C36D8F-BE53-4733-BD92-CFA103D46020}.Release|x86.ActiveCfg = Release|Any CPU
		{4C561FAE-24FD-470A-8E38-C725980DEE01}.Debug|Any CPU.ActiveCfg = Debug|Any CPU
		{4C561FAE-24FD-470A-8E38-C725980DEE01}.Debug|Any CPU.Build.0 = Debug|Any CPU
		{4C561FAE-24FD-470A-8E38-C725980DEE01}.Debug|Mixed Platforms.ActiveCfg = Debug|Any CPU
		{4C561FAE-24FD-470A-8E38-C725980DEE01}.Debug|Mixed Platforms.Build.0 = Debug|Any CPU
		{4C561FAE-24FD-470A-8E38-C725980DEE01}.Debug|x86.ActiveCfg = Debug|Any CPU
		{4C561FAE-24FD-470A-8E38-C725980DEE01}.Release|Any CPU.ActiveCfg = Release|Any CPU
		{4C561FAE-24FD-470A-8E38-C725980DEE01}.Release|Any CPU.Build.0 = Release|Any CPU
		{4C561FAE-24FD-470A-8E38-C725980DEE01}.Release|Mixed Platforms.ActiveCfg = Release|Any CPU
		{4C561FAE-24FD-470A-8E38-C725980DEE01}.Release|Mixed Platforms.Build.0 = Release|Any CPU
		{4C561FAE-24FD-470A-8E38-C725980DEE01}.Release|x86.ActiveCfg = Release|Any CPU
	EndGlobalSection
	GlobalSection(SolutionProperties) = preSolution
		HideSolutionNode = FALSE
	EndGlobalSection
	GlobalSection(NestedProjects) = preSolution
		{4E00A931-5068-4DFC-9320-3C5F8AD8E2BE} = {FF0F8984-BBC9-4A7D-88FF-BDC997AC3245}
		{A7D7E899-051C-4F6E-AFBD-DA0096B257F9} = {CE750082-5900-4A1E-8251-CC9A7B3E5F99}
		{E4256EDF-0B54-4715-8E66-8D4D4887E15F} = {CE750082-5900-4A1E-8251-CC9A7B3E5F99}
		{4C561FAE-24FD-470A-8E38-C725980DEE01} = {5939A9E6-95A6-4E68-A843-CA5955CA58B9}
	EndGlobalSection
EndGlobal
